
Microsoft Visual Studio Solution File, Format Version 12.00
# Visual Studio Version 16
VisualStudioVersion = 16.0.30621.155
MinimumVisualStudioVersion = 10.0.40219.1
Project("{FAE04EC0-301F-11D3-BF4B-00C04F79EFBC}") = "es09-classe indexata", "es09-classe indexata\es09-classe indexata.csproj", "{100FB5B8-8FB9-46B8-B24E-927A65AE25F4}"
EndProject
Global
	GlobalSection(SolutionConfigurationPlatforms) = preSolution
		Debug|Any CPU = Debug|Any CPU
		Release|Any CPU = Release|Any CPU
	EndGlobalSection
	GlobalSection(ProjectConfigurationPlatforms) = postSolution
		{100FB5B8-8FB9-46B8-B24E-927A65AE25F4}.Debug|Any CPU.ActiveCfg = Debug|Any CPU
		{100FB5B8-8FB9-46B8-B24E-927A65AE25F4}.Debug|Any CPU.Build.0 = Debug|Any CPU
		{100FB5B8-8FB9-46B8-B24E-927A65AE25F4}.Release|Any CPU.ActiveCfg = Release|Any CPU
		{100FB5B8-8FB9-46B8-B24E-927A65AE25F4}.Release|Any CPU.Build.0 = Release|Any CPU
	EndGlobalSection
	GlobalSection(SolutionProperties) = preSolution
		HideSolutionNode = FALSE
	EndGlobalSection
	GlobalSection(ExtensibilityGlobals) = postSolution
		SolutionGuid = {1232C2D9-A443-4673-BDB2-BDB4DE0CC8A0}
	EndGlobalSection
EndGlobal
