
Microsoft Visual Studio Solution File, Format Version 12.00
# Visual Studio Version 16
VisualStudioVersion = 16.0.29411.108
MinimumVisualStudioVersion = 10.0.40219.1
Project("{FAE04EC0-301F-11D3-BF4B-00C04F79EFBC}") = "formMDI", "formMDI\formMDI.csproj", "{D24654BD-1193-4723-AFA7-04CA8DD427BD}"
EndProject
Global
	GlobalSection(SolutionConfigurationPlatforms) = preSolution
		Debug|Any CPU = Debug|Any CPU
		Release|Any CPU = Release|Any CPU
	EndGlobalSection
	GlobalSection(ProjectConfigurationPlatforms) = postSolution
		{D24654BD-1193-4723-AFA7-04CA8DD427BD}.Debug|Any CPU.ActiveCfg = Debug|Any CPU
		{D24654BD-1193-4723-AFA7-04CA8DD427BD}.Debug|Any CPU.Build.0 = Debug|Any CPU
		{D24654BD-1193-4723-AFA7-04CA8DD427BD}.Release|Any CPU.ActiveCfg = Release|Any CPU
		{D24654BD-1193-4723-AFA7-04CA8DD427BD}.Release|Any CPU.Build.0 = Release|Any CPU
	EndGlobalSection
	GlobalSection(SolutionProperties) = preSolution
		HideSolutionNode = FALSE
	EndGlobalSection
	GlobalSection(ExtensibilityGlobals) = postSolution
		SolutionGuid = {042F2415-0E95-4344-9A11-3BA855D60058}
	EndGlobalSection
EndGlobal
