
Microsoft Visual Studio Solution File, Format Version 12.00
# Visual Studio Version 16
VisualStudioVersion = 16.0.30621.155
MinimumVisualStudioVersion = 10.0.40219.1
Project("{FAE04EC0-301F-11D3-BF4B-00C04F79EFBC}") = "es21-complessiEQuaternioni", "es21-complessiEQuaternioni\es21-complessiEQuaternioni.csproj", "{803501C4-1D04-4770-A284-3D921780FB59}"
EndProject
Global
	GlobalSection(SolutionConfigurationPlatforms) = preSolution
		Debug|Any CPU = Debug|Any CPU
		Release|Any CPU = Release|Any CPU
	EndGlobalSection
	GlobalSection(ProjectConfigurationPlatforms) = postSolution
		{803501C4-1D04-4770-A284-3D921780FB59}.Debug|Any CPU.ActiveCfg = Debug|Any CPU
		{803501C4-1D04-4770-A284-3D921780FB59}.Debug|Any CPU.Build.0 = Debug|Any CPU
		{803501C4-1D04-4770-A284-3D921780FB59}.Release|Any CPU.ActiveCfg = Release|Any CPU
		{803501C4-1D04-4770-A284-3D921780FB59}.Release|Any CPU.Build.0 = Release|Any CPU
	EndGlobalSection
	GlobalSection(SolutionProperties) = preSolution
		HideSolutionNode = FALSE
	EndGlobalSection
	GlobalSection(ExtensibilityGlobals) = postSolution
		SolutionGuid = {E5BA397A-33F0-46E8-BA96-55E470EFD70F}
	EndGlobalSection
EndGlobal
