
Microsoft Visual Studio Solution File, Format Version 12.00
# Visual Studio Version 16
VisualStudioVersion = 16.0.30621.155
MinimumVisualStudioVersion = 10.0.40219.1
Project("{FAE04EC0-301F-11D3-BF4B-00C04F79EFBC}") = "es16-compitoPile", "es16-compitoPile\es16-compitoPile.csproj", "{58DBF306-C7AE-4441-A699-65273F8C13BC}"
EndProject
Global
	GlobalSection(SolutionConfigurationPlatforms) = preSolution
		Debug|Any CPU = Debug|Any CPU
		Release|Any CPU = Release|Any CPU
	EndGlobalSection
	GlobalSection(ProjectConfigurationPlatforms) = postSolution
		{58DBF306-C7AE-4441-A699-65273F8C13BC}.Debug|Any CPU.ActiveCfg = Debug|Any CPU
		{58DBF306-C7AE-4441-A699-65273F8C13BC}.Debug|Any CPU.Build.0 = Debug|Any CPU
		{58DBF306-C7AE-4441-A699-65273F8C13BC}.Release|Any CPU.ActiveCfg = Release|Any CPU
		{58DBF306-C7AE-4441-A699-65273F8C13BC}.Release|Any CPU.Build.0 = Release|Any CPU
	EndGlobalSection
	GlobalSection(SolutionProperties) = preSolution
		HideSolutionNode = FALSE
	EndGlobalSection
	GlobalSection(ExtensibilityGlobals) = postSolution
		SolutionGuid = {24AF1DD0-3B95-4E41-8D25-F5BCDB86B48E}
	EndGlobalSection
EndGlobal
