
Microsoft Visual Studio Solution File, Format Version 12.00
# Visual Studio Version 16
VisualStudioVersion = 16.0.29411.108
MinimumVisualStudioVersion = 10.0.40219.1
Project("{FAE04EC0-301F-11D3-BF4B-00C04F79EFBC}") = "es27-interfaccia", "es27-interfaccia\es27-interfaccia.csproj", "{7D063A92-27E9-45A7-862F-8365B8E98CDF}"
EndProject
Global
	GlobalSection(SolutionConfigurationPlatforms) = preSolution
		Debug|Any CPU = Debug|Any CPU
		Release|Any CPU = Release|Any CPU
	EndGlobalSection
	GlobalSection(ProjectConfigurationPlatforms) = postSolution
		{7D063A92-27E9-45A7-862F-8365B8E98CDF}.Debug|Any CPU.ActiveCfg = Debug|Any CPU
		{7D063A92-27E9-45A7-862F-8365B8E98CDF}.Debug|Any CPU.Build.0 = Debug|Any CPU
		{7D063A92-27E9-45A7-862F-8365B8E98CDF}.Release|Any CPU.ActiveCfg = Release|Any CPU
		{7D063A92-27E9-45A7-862F-8365B8E98CDF}.Release|Any CPU.Build.0 = Release|Any CPU
	EndGlobalSection
	GlobalSection(SolutionProperties) = preSolution
		HideSolutionNode = FALSE
	EndGlobalSection
	GlobalSection(ExtensibilityGlobals) = postSolution
		SolutionGuid = {32E91E9C-26F9-4C5A-AB25-85DC8DF2CDD7}
	EndGlobalSection
EndGlobal
