
Microsoft Visual Studio Solution File, Format Version 12.00
# Visual Studio Version 16
VisualStudioVersion = 16.0.30621.155
MinimumVisualStudioVersion = 10.0.40219.1
Project("{FAE04EC0-301F-11D3-BF4B-00C04F79EFBC}") = "es17-ereditarietà", "es17-ereditarietà\es17-ereditarietà.csproj", "{D7765466-5AD5-40D6-AA1B-6495AC0C816F}"
EndProject
Global
	GlobalSection(SolutionConfigurationPlatforms) = preSolution
		Debug|Any CPU = Debug|Any CPU
		Release|Any CPU = Release|Any CPU
	EndGlobalSection
	GlobalSection(ProjectConfigurationPlatforms) = postSolution
		{D7765466-5AD5-40D6-AA1B-6495AC0C816F}.Debug|Any CPU.ActiveCfg = Debug|Any CPU
		{D7765466-5AD5-40D6-AA1B-6495AC0C816F}.Debug|Any CPU.Build.0 = Debug|Any CPU
		{D7765466-5AD5-40D6-AA1B-6495AC0C816F}.Release|Any CPU.ActiveCfg = Release|Any CPU
		{D7765466-5AD5-40D6-AA1B-6495AC0C816F}.Release|Any CPU.Build.0 = Release|Any CPU
	EndGlobalSection
	GlobalSection(SolutionProperties) = preSolution
		HideSolutionNode = FALSE
	EndGlobalSection
	GlobalSection(ExtensibilityGlobals) = postSolution
		SolutionGuid = {96E39943-2FCC-490F-9793-2C19123A2358}
	EndGlobalSection
EndGlobal
