
Microsoft Visual Studio Solution File, Format Version 12.00
# Visual Studio Version 16
VisualStudioVersion = 16.0.30523.141
MinimumVisualStudioVersion = 10.0.40219.1
Project("{FAE04EC0-301F-11D3-BF4B-00C04F79EFBC}") = "es03", "es03\es03.csproj", "{5E5EDA30-C881-4E1C-96C3-5E9685C32179}"
EndProject
Global
	GlobalSection(SolutionConfigurationPlatforms) = preSolution
		Debug|Any CPU = Debug|Any CPU
		Release|Any CPU = Release|Any CPU
	EndGlobalSection
	GlobalSection(ProjectConfigurationPlatforms) = postSolution
		{5E5EDA30-C881-4E1C-96C3-5E9685C32179}.Debug|Any CPU.ActiveCfg = Debug|Any CPU
		{5E5EDA30-C881-4E1C-96C3-5E9685C32179}.Debug|Any CPU.Build.0 = Debug|Any CPU
		{5E5EDA30-C881-4E1C-96C3-5E9685C32179}.Release|Any CPU.ActiveCfg = Release|Any CPU
		{5E5EDA30-C881-4E1C-96C3-5E9685C32179}.Release|Any CPU.Build.0 = Release|Any CPU
	EndGlobalSection
	GlobalSection(SolutionProperties) = preSolution
		HideSolutionNode = FALSE
	EndGlobalSection
	GlobalSection(ExtensibilityGlobals) = postSolution
		SolutionGuid = {BBBBE265-E480-4C00-BEC0-DC8276BED272}
	EndGlobalSection
EndGlobal
