
Microsoft Visual Studio Solution File, Format Version 12.00
# Visual Studio Version 16
VisualStudioVersion = 16.0.30621.155
MinimumVisualStudioVersion = 10.0.40219.1
Project("{FAE04EC0-301F-11D3-BF4B-00C04F79EFBC}") = "es15-codaProntoSoccorso", "es15-codaProntoSoccorso\es15-codaProntoSoccorso.csproj", "{36916DD9-B4A6-4BDB-B5EF-9642D3046CCF}"
EndProject
Global
	GlobalSection(SolutionConfigurationPlatforms) = preSolution
		Debug|Any CPU = Debug|Any CPU
		Release|Any CPU = Release|Any CPU
	EndGlobalSection
	GlobalSection(ProjectConfigurationPlatforms) = postSolution
		{36916DD9-B4A6-4BDB-B5EF-9642D3046CCF}.Debug|Any CPU.ActiveCfg = Debug|Any CPU
		{36916DD9-B4A6-4BDB-B5EF-9642D3046CCF}.Debug|Any CPU.Build.0 = Debug|Any CPU
		{36916DD9-B4A6-4BDB-B5EF-9642D3046CCF}.Release|Any CPU.ActiveCfg = Release|Any CPU
		{36916DD9-B4A6-4BDB-B5EF-9642D3046CCF}.Release|Any CPU.Build.0 = Release|Any CPU
	EndGlobalSection
	GlobalSection(SolutionProperties) = preSolution
		HideSolutionNode = FALSE
	EndGlobalSection
	GlobalSection(ExtensibilityGlobals) = postSolution
		SolutionGuid = {C3C9B6D3-2340-4861-A841-7CA9843825D2}
	EndGlobalSection
EndGlobal
